
Microsoft Visual Studio Solution File, Format Version 12.00
Project("{FAE04EC0-301F-11D3-BF4B-00C04F79EFBC}") = "Blog.Api", "Blog.Api\Blog.Api.csproj", "{8BCC6A58-34A2-4CA1-A7F8-430AA044AC23}"
EndProject
Project("{FAE04EC0-301F-11D3-BF4B-00C04F79EFBC}") = "Blog.Data", "Blog.Data\Blog.Data.csproj", "{985D3B98-61A1-4BB3-B2F5-6B3D829EABCE}"
EndProject
Project("{FAE04EC0-301F-11D3-BF4B-00C04F79EFBC}") = "Blog.Database", "Blog.Database\Blog.Database.csproj", "{41FA22A2-7858-4393-B4B3-A5B7AC1F41FD}"
EndProject
Project("{FAE04EC0-301F-11D3-BF4B-00C04F79EFBC}") = "Blog.Services", "Blog.Services\Blog.Services.csproj", "{D8C5E34D-551A-4DC6-859A-28D1DE924C43}"
EndProject
Project("{FAE04EC0-301F-11D3-BF4B-00C04F79EFBC}") = "Blog.KeyGenerator", "Blog.KeyGenerator\Blog.KeyGenerator.csproj", "{04A891D9-AFA3-40D2-A4D9-35DDFBFAEA3B}"
EndProject
Global
	GlobalSection(SolutionConfigurationPlatforms) = preSolution
		Debug|Any CPU = Debug|Any CPU
		Release|Any CPU = Release|Any CPU
	EndGlobalSection
	GlobalSection(ProjectConfigurationPlatforms) = postSolution
		{8BCC6A58-34A2-4CA1-A7F8-430AA044AC23}.Debug|Any CPU.ActiveCfg = Debug|Any CPU
		{8BCC6A58-34A2-4CA1-A7F8-430AA044AC23}.Debug|Any CPU.Build.0 = Debug|Any CPU
		{8BCC6A58-34A2-4CA1-A7F8-430AA044AC23}.Release|Any CPU.ActiveCfg = Release|Any CPU
		{8BCC6A58-34A2-4CA1-A7F8-430AA044AC23}.Release|Any CPU.Build.0 = Release|Any CPU
		{985D3B98-61A1-4BB3-B2F5-6B3D829EABCE}.Debug|Any CPU.ActiveCfg = Debug|Any CPU
		{985D3B98-61A1-4BB3-B2F5-6B3D829EABCE}.Debug|Any CPU.Build.0 = Debug|Any CPU
		{985D3B98-61A1-4BB3-B2F5-6B3D829EABCE}.Release|Any CPU.ActiveCfg = Release|Any CPU
		{985D3B98-61A1-4BB3-B2F5-6B3D829EABCE}.Release|Any CPU.Build.0 = Release|Any CPU
		{41FA22A2-7858-4393-B4B3-A5B7AC1F41FD}.Debug|Any CPU.ActiveCfg = Debug|Any CPU
		{41FA22A2-7858-4393-B4B3-A5B7AC1F41FD}.Debug|Any CPU.Build.0 = Debug|Any CPU
		{41FA22A2-7858-4393-B4B3-A5B7AC1F41FD}.Release|Any CPU.ActiveCfg = Release|Any CPU
		{41FA22A2-7858-4393-B4B3-A5B7AC1F41FD}.Release|Any CPU.Build.0 = Release|Any CPU
		{D8C5E34D-551A-4DC6-859A-28D1DE924C43}.Debug|Any CPU.ActiveCfg = Debug|Any CPU
		{D8C5E34D-551A-4DC6-859A-28D1DE924C43}.Debug|Any CPU.Build.0 = Debug|Any CPU
		{D8C5E34D-551A-4DC6-859A-28D1DE924C43}.Release|Any CPU.ActiveCfg = Release|Any CPU
		{D8C5E34D-551A-4DC6-859A-28D1DE924C43}.Release|Any CPU.Build.0 = Release|Any CPU
		{04A891D9-AFA3-40D2-A4D9-35DDFBFAEA3B}.Debug|Any CPU.ActiveCfg = Debug|Any CPU
		{04A891D9-AFA3-40D2-A4D9-35DDFBFAEA3B}.Debug|Any CPU.Build.0 = Debug|Any CPU
		{04A891D9-AFA3-40D2-A4D9-35DDFBFAEA3B}.Release|Any CPU.ActiveCfg = Release|Any CPU
		{04A891D9-AFA3-40D2-A4D9-35DDFBFAEA3B}.Release|Any CPU.Build.0 = Release|Any CPU
	EndGlobalSection
EndGlobal
